
Microsoft Visual Studio Solution File, Format Version 12.00
# Visual Studio Version 16
VisualStudioVersion = 16.0.31829.152
MinimumVisualStudioVersion = 10.0.40219.1
Project("{FAE04EC0-301F-11D3-BF4B-00C04F79EFBC}") = "15 Interface", "15 Interface\15 Interface.csproj", "{CF83BB3C-CB87-40B9-96F0-CA95793BA231}"
EndProject
Global
	GlobalSection(SolutionConfigurationPlatforms) = preSolution
		Debug|Any CPU = Debug|Any CPU
		Release|Any CPU = Release|Any CPU
	EndGlobalSection
	GlobalSection(ProjectConfigurationPlatforms) = postSolution
		{CF83BB3C-CB87-40B9-96F0-CA95793BA231}.Debug|Any CPU.ActiveCfg = Debug|Any CPU
		{CF83BB3C-CB87-40B9-96F0-CA95793BA231}.Debug|Any CPU.Build.0 = Debug|Any CPU
		{CF83BB3C-CB87-40B9-96F0-CA95793BA231}.Release|Any CPU.ActiveCfg = Release|Any CPU
		{CF83BB3C-CB87-40B9-96F0-CA95793BA231}.Release|Any CPU.Build.0 = Release|Any CPU
	EndGlobalSection
	GlobalSection(SolutionProperties) = preSolution
		HideSolutionNode = FALSE
	EndGlobalSection
	GlobalSection(ExtensibilityGlobals) = postSolution
		SolutionGuid = {A54DB9F6-CDF6-40C1-94E7-52F0FA6FF9ED}
	EndGlobalSection
EndGlobal
